
Microsoft Visual Studio Solution File, Format Version 12.00
# Visual Studio Version 17
VisualStudioVersion = 17.7.34221.43
MinimumVisualStudioVersion = 10.0.40219.1
Project("{FAE04EC0-301F-11D3-BF4B-00C04F79EFBC}") = "orion cheat", "orion cheat\orion cheat.csproj", "{7B8761F7-2AB1-4919-A342-1C186AB2D469}"
EndProject
Global
	GlobalSection(SolutionConfigurationPlatforms) = preSolution
		Debug|Any CPU = Debug|Any CPU
		Release|Any CPU = Release|Any CPU
	EndGlobalSection
	GlobalSection(ProjectConfigurationPlatforms) = postSolution
		{7B8761F7-2AB1-4919-A342-1C186AB2D469}.Debug|Any CPU.ActiveCfg = Debug|Any CPU
		{7B8761F7-2AB1-4919-A342-1C186AB2D469}.Debug|Any CPU.Build.0 = Debug|Any CPU
		{7B8761F7-2AB1-4919-A342-1C186AB2D469}.Release|Any CPU.ActiveCfg = Release|Any CPU
		{7B8761F7-2AB1-4919-A342-1C186AB2D469}.Release|Any CPU.Build.0 = Release|Any CPU
	EndGlobalSection
	GlobalSection(SolutionProperties) = preSolution
		HideSolutionNode = FALSE
	EndGlobalSection
	GlobalSection(ExtensibilityGlobals) = postSolution
		SolutionGuid = {CED05794-B438-4CA8-A7DF-5DFEAAD1A55D}
	EndGlobalSection
EndGlobal
